
Microsoft Visual Studio Solution File, Format Version 12.00
# Visual Studio Version 16
VisualStudioVersion = 16.0.30320.27
MinimumVisualStudioVersion = 10.0.40219.1
Project("{FAE04EC0-301F-11D3-BF4B-00C04F79EFBC}") = "AbstractFactory", "AbstractFactory\AbstractFactory.csproj", "{6DA7F9BC-18A7-46E8-9525-D2CE8038D784}"
EndProject
Project("{2150E333-8FDC-42A3-9474-1A3956D46DE8}") = "CreateionalPatterns", "CreateionalPatterns", "{6BDF7B2C-77B8-4E2C-AB09-096ECBC8D98E}"
EndProject
Project("{2150E333-8FDC-42A3-9474-1A3956D46DE8}") = "SturcturalPatterns", "SturcturalPatterns", "{1773CC4B-59D6-4372-B7DE-F296E3949C3E}"
EndProject
Project("{FAE04EC0-301F-11D3-BF4B-00C04F79EFBC}") = "Decorator", "Decorator\Decorator.csproj", "{56D1B128-F59B-49D6-B085-BD7B58CC9BF4}"
EndProject
Project("{2150E333-8FDC-42A3-9474-1A3956D46DE8}") = "BehavioralPatterns", "BehavioralPatterns", "{C8E59609-E92F-44A1-8714-9B18730F206D}"
EndProject
Project("{FAE04EC0-301F-11D3-BF4B-00C04F79EFBC}") = "VisistorWithReflection", "Visistor\VisistorWithReflection.csproj", "{ABCE3863-8B9F-4E77-9042-A062D36CF953}"
EndProject
Project("{2150E333-8FDC-42A3-9474-1A3956D46DE8}") = "Others", "Others", "{5C1136BA-5430-405C-85D7-11554E9ABF75}"
EndProject
Project("{FAE04EC0-301F-11D3-BF4B-00C04F79EFBC}") = "TestHelper", "TestHelper\TestHelper.csproj", "{85A4FED0-8C5C-40B8-8014-11FE657B2BE2}"
EndProject
Project("{FAE04EC0-301F-11D3-BF4B-00C04F79EFBC}") = "VisistorWithDynamic", "VisistorWithOverloadMethods\VisistorWithDynamic.csproj", "{92673695-6DDB-4A03-A23A-556909BCACF0}"
EndProject
Project("{FAE04EC0-301F-11D3-BF4B-00C04F79EFBC}") = "Varation", "Invaration\Varation.csproj", "{838AADBF-75D9-4B02-BAD3-C73F78A31762}"
EndProject
Project("{2150E333-8FDC-42A3-9474-1A3956D46DE8}") = "Builder", "Builder", "{61ECA588-DE9A-4083-8A38-A6A6FE4E3DED}"
EndProject
Project("{FAE04EC0-301F-11D3-BF4B-00C04F79EFBC}") = "SimpleBuilder", "SimpleBuilder\SimpleBuilder.csproj", "{E6FD62B0-4BFA-4764-BF9E-49ABB30E0DF3}"
EndProject
Project("{FAE04EC0-301F-11D3-BF4B-00C04F79EFBC}") = "FluentBuilder", "FluentBuilder\FluentBuilder.csproj", "{02F513C6-4DFA-4DED-932F-016B37B44BB4}"
EndProject
Project("{2150E333-8FDC-42A3-9474-1A3956D46DE8}") = "Decorators", "Decorators", "{E6DC51B7-2E29-4774-B6AC-D6EAD257FE4A}"
EndProject
Project("{FAE04EC0-301F-11D3-BF4B-00C04F79EFBC}") = "DecoratorSimple", "DecoratorSimple\DecoratorSimple.csproj", "{E39253D2-8A2B-4762-ACB1-453E25E7C32F}"
EndProject
Project("{FAE04EC0-301F-11D3-BF4B-00C04F79EFBC}") = "StateStructural", "StateStructural\StateStructural.csproj", "{3D8BD628-FDA0-4156-BB7A-59B6BD49D073}"
EndProject
Project("{2150E333-8FDC-42A3-9474-1A3956D46DE8}") = "State", "State", "{406A9963-A3BE-48A9-A0B0-DA4FCFC26AD3}"
EndProject
Project("{FAE04EC0-301F-11D3-BF4B-00C04F79EFBC}") = "GenericState", "GenericState\GenericState.csproj", "{978F14C7-19E3-4FF4-8F35-171C4B6280D3}"
EndProject
Project("{2150E333-8FDC-42A3-9474-1A3956D46DE8}") = "Interpreter", "Interpreter", "{FCF53423-28BF-4C68-8DA8-9BFE46BF6BFC}"
EndProject
Project("{FAE04EC0-301F-11D3-BF4B-00C04F79EFBC}") = "InterpreterSimple", "InterpreterSimple\InterpreterSimple.csproj", "{9F8B8A5C-B77D-415C-A741-B018297F9C84}"
EndProject
Project("{FAE04EC0-301F-11D3-BF4B-00C04F79EFBC}") = "InterpreterExpression", "InterpreterExpression\InterpreterExpression.csproj", "{63050257-872E-4580-B710-B4852306691A}"
EndProject
Project("{2150E333-8FDC-42A3-9474-1A3956D46DE8}") = "Variations", "Variations", "{9B8AD949-B3E7-4EFC-BC09-367D4B2DD396}"
EndProject
Project("{FAE04EC0-301F-11D3-BF4B-00C04F79EFBC}") = "VariationDelegate", "InvariationDelegate\VariationDelegate.csproj", "{5C7E8B84-876E-473B-AD45-D07A98EAF2EE}"
EndProject
Project("{FAE04EC0-301F-11D3-BF4B-00C04F79EFBC}") = "Variance", "Invariance\Variance.csproj", "{0DA28A73-E1E6-42CA-B040-AAA763E67502}"
EndProject
Project("{2150E333-8FDC-42A3-9474-1A3956D46DE8}") = "PLINQ", "PLINQ", "{32B5D6AA-AA4E-48D2-B598-4391FB738E38}"
EndProject
Project("{FAE04EC0-301F-11D3-BF4B-00C04F79EFBC}") = "CommonTests", "CommonTests\CommonTests.csproj", "{A59B8792-A81D-4F87-A87B-A0289D54D78E}"
EndProject
Project("{2150E333-8FDC-42A3-9474-1A3956D46DE8}") = "Observer", "Observer", "{384D4634-91EB-4FD2-AED1-422346CDBE70}"
EndProject
Project("{FAE04EC0-301F-11D3-BF4B-00C04F79EFBC}") = "Structural", "Observer\Structural\Structural.csproj", "{855DE2B9-C3E9-47CE-AE8A-D0662BD93992}"
EndProject
Project("{2150E333-8FDC-42A3-9474-1A3956D46DE8}") = "Visitor", "Visitor", "{2AC09B6B-C000-47B6-9CB5-229E392B4035}"
	ProjectSection(SolutionItems) = preProject
		Page.html = Page.html
		Visitor.js = Visitor.js
	EndProjectSection
EndProject
Project("{2150E333-8FDC-42A3-9474-1A3956D46DE8}") = "Dispatcher", "Dispatcher", "{7C55D276-74F6-4D8C-A52B-2A2FCB0E33E1}"
EndProject
Project("{FAE04EC0-301F-11D3-BF4B-00C04F79EFBC}") = "MultipleDispatch", "MultipleDispatch\MultipleDispatch.csproj", "{EA9DC195-49E5-4E6B-A85D-B99603B0B733}"
EndProject
Project("{2150E333-8FDC-42A3-9474-1A3956D46DE8}") = "OOP", "OOP", "{C26EBC71-44B3-44B3-B5E2-C052F3D96BFB}"
EndProject
Project("{FAE04EC0-301F-11D3-BF4B-00C04F79EFBC}") = "Polimorfizm", "Polimorfizm\Polimorfizm.csproj", "{9DDAD1B0-1494-492F-B8AC-27689B6A65C2}"
EndProject
Project("{2150E333-8FDC-42A3-9474-1A3956D46DE8}") = "Delegate", "Delegate", "{E2B0D729-EE26-4595-8149-85DA96C7627E}"
EndProject
Project("{FAE04EC0-301F-11D3-BF4B-00C04F79EFBC}") = "Closure", "Closure\Closure.csproj", "{4C3D0C0C-E49B-4D99-8537-859AA19C3272}"
EndProject
Project("{9A19103F-16F7-4668-BE54-9A1E7A4F7556}") = "Carrying", "Carrying\Carrying.csproj", "{0AAB59E4-0BA4-4F3E-94A7-5EC72D0129F4}"
EndProject
Project("{FAE04EC0-301F-11D3-BF4B-00C04F79EFBC}") = "DoubleDispatcher", "DoubleDispatcher\DoubleDispatcher.csproj", "{4B6E7B30-46F9-488D-A1CE-1866D0D14440}"
EndProject
Project("{FAE04EC0-301F-11D3-BF4B-00C04F79EFBC}") = "SimpleMultipleDispatcher", "SimpleDispatcher\SimpleMultipleDispatcher.csproj", "{01835322-CE59-4BE0-B14B-25DD69FD6491}"
EndProject
Project("{9A19103F-16F7-4668-BE54-9A1E7A4F7556}") = "HightechStrategy", "HightechStrategy\HightechStrategy.csproj", "{78E96A60-F5EB-4B79-9228-2AF9E7CAEC69}"
EndProject
Project("{2150E333-8FDC-42A3-9474-1A3956D46DE8}") = "Statless", "Statless", "{B0806895-95A7-4CAE-85D1-F2B3D30F7BD3}"
EndProject
Project("{9A19103F-16F7-4668-BE54-9A1E7A4F7556}") = "Stateless", "Statless\src\Stateless\Stateless.csproj", "{510C8A72-F828-49EC-A4C4-DACEBF50D066}"
EndProject
Project("{9A19103F-16F7-4668-BE54-9A1E7A4F7556}") = "BugTrackerExample", "Statless\example\BugTrackerExample\BugTrackerExample.csproj", "{0765F0D2-26BE-4A01-A317-94FC89402DFE}"
EndProject
Project("{9A19103F-16F7-4668-BE54-9A1E7A4F7556}") = "OnOffExample", "Statless\example\OnOffExample\OnOffExample.csproj", "{28656F6C-8F92-4D93-9C78-AED8833279C8}"
EndProject
Project("{9A19103F-16F7-4668-BE54-9A1E7A4F7556}") = "TelephoneCallExample", "Statless\example\TelephoneCallExample\TelephoneCallExample.csproj", "{05FA1F39-F22C-42CD-94D3-9DA683194D07}"
EndProject
Project("{2150E333-8FDC-42A3-9474-1A3956D46DE8}") = "Examples", "Examples", "{007E7978-DF25-4977-85A8-5054F9765AD0}"
EndProject
Project("{2150E333-8FDC-42A3-9474-1A3956D46DE8}") = "Tests", "Tests", "{488CA69F-1163-4D36-8DBC-CBE45464F1C7}"
EndProject
Project("{9A19103F-16F7-4668-BE54-9A1E7A4F7556}") = "Stateless.Tests", "Statless\test\Stateless.Tests\Stateless.Tests.csproj", "{6FAD7262-6B8E-4E2D-94E2-362D13B55F55}"
EndProject
Project("{9A19103F-16F7-4668-BE54-9A1E7A4F7556}") = "Stateless_Tests", "Stateless_Tests\Stateless_Tests.csproj", "{E0B928C3-7135-4DC6-82D5-BFF5DBCB8606}"
EndProject
Project("{2150E333-8FDC-42A3-9474-1A3956D46DE8}") = "Composites", "Composites", "{1C3FC0F6-5EB7-49F3-ABB0-92A1B85D1E9C}"
EndProject
Project("{9A19103F-16F7-4668-BE54-9A1E7A4F7556}") = "CompositeEF", "CompositeEF\CompositeEF.csproj", "{9E08CDBA-A82E-4BE4-9FDF-893D952F4F39}"
EndProject
Project("{9A19103F-16F7-4668-BE54-9A1E7A4F7556}") = "VisitorBetterImpl", "VisitorBetterImpl\VisitorBetterImpl.csproj", "{98133846-14A3-49C2-A7C5-7413D1C6AB9D}"
EndProject
Project("{2150E333-8FDC-42A3-9474-1A3956D46DE8}") = "Benchmarks", "Benchmarks", "{92F46352-E72D-40B2-BD1B-00B027837C2C}"
EndProject
Project("{9A19103F-16F7-4668-BE54-9A1E7A4F7556}") = "SealedClass", "SealedClass\SealedClass.csproj", "{DCF9AF22-329B-44DF-A6BD-DA95C2441EFD}"
EndProject
Project("{9A19103F-16F7-4668-BE54-9A1E7A4F7556}") = "Reflection", "Reflection\Reflection.csproj", "{7AEEDE21-5E8F-4E5E-B9C3-FE5FEFC6D1D8}"
EndProject
Project("{9A19103F-16F7-4668-BE54-9A1E7A4F7556}") = "VisitorVsDynamic", "VisitorVsDynamic\VisitorVsDynamic.csproj", "{3C7F1F3E-8B48-4B88-BA85-B70E74C81583}"
EndProject
Project("{2150E333-8FDC-42A3-9474-1A3956D46DE8}") = "ProtectedMemebers", "ProtectedMemebers", "{8BB4DFA6-DD7D-4BA1-A122-7911660B12B0}"
EndProject
Project("{9A19103F-16F7-4668-BE54-9A1E7A4F7556}") = "A", "A\A.csproj", "{E4115BA3-1CCD-4415-A79D-4615557940DC}"
EndProject
Project("{9A19103F-16F7-4668-BE54-9A1E7A4F7556}") = "B", "B\B.csproj", "{140F4B3F-601F-4889-8CEA-01EE10761881}"
EndProject
Project("{2150E333-8FDC-42A3-9474-1A3956D46DE8}") = "DataStructures", "DataStructures", "{E8BA03BD-D0B4-4179-BB81-AA4A3269F759}"
EndProject
Project("{9A19103F-16F7-4668-BE54-9A1E7A4F7556}") = "Chapter1", "Chapter1\Chapter1.csproj", "{60723128-2913-4918-9FB6-590F9F63620F}"
EndProject
Project("{9A19103F-16F7-4668-BE54-9A1E7A4F7556}") = "Junkyard", "Junkyard\Junkyard.csproj", "{11DBC2B3-23C5-432E-AAE0-D9FF41A856F3}"
EndProject
Project("{9A19103F-16F7-4668-BE54-9A1E7A4F7556}") = "DataStructuresUtils", "DataStructuresUtils\DataStructuresUtils.csproj", "{64CF07F5-D024-4B53-81C7-90045CA32CAA}"
EndProject
Project("{9A19103F-16F7-4668-BE54-9A1E7A4F7556}") = "RegExTests", "RegExTests\RegExTests.csproj", "{8C8D3992-0921-4BAE-B888-BF96E2C8CBB3}"
EndProject
Project("{9A19103F-16F7-4668-BE54-9A1E7A4F7556}") = "QueueTests", "QueueTests\QueueTests.csproj", "{ADC8DD9E-3CE3-45D0-AB99-FA13D608196E}"
EndProject
Project("{2150E333-8FDC-42A3-9474-1A3956D46DE8}") = "Performance", "Performance", "{788E56BC-71B6-48A8-B277-5E4BC1ED6549}"
EndProject
Project("{9A19103F-16F7-4668-BE54-9A1E7A4F7556}") = "SpanPerformance", "MemoryVsSpan\SpanPerformance.csproj", "{E603C21F-C377-4977-860D-BE77D245C116}"
EndProject
Project("{2150E333-8FDC-42A3-9474-1A3956D46DE8}") = "DataFlow", "DataFlow", "{AB9E6729-63C2-47C8-8974-F8A5742A593D}"
EndProject
Project("{9A19103F-16F7-4668-BE54-9A1E7A4F7556}") = "DataFlowSandbox", "DataFlowSandbox\DataFlowSandbox.csproj", "{E56DF5CD-C5F0-4266-8B4A-7D751E436B80}"
EndProject
Project("{9A19103F-16F7-4668-BE54-9A1E7A4F7556}") = "DataFlowSandbox2", "DataFlowSandbox2\DataFlowSandbox2.csproj", "{1AE196AD-7B86-4D85-9729-5F8A293EB7AC}"
EndProject
Project("{9A19103F-16F7-4668-BE54-9A1E7A4F7556}") = "DataFlowJoinBlock", "DataFlowJoinBlock\DataFlowJoinBlock.csproj", "{34C42C14-2B1A-460C-84B0-84CCE56135D0}"
EndProject
Project("{9A19103F-16F7-4668-BE54-9A1E7A4F7556}") = "DynamicObject", "DynamicObject\DynamicObject.csproj", "{39FD675E-51BD-47AD-909B-180EFFEA2BF6}"
EndProject
Project("{FAE04EC0-301F-11D3-BF4B-00C04F79EFBC}") = "DataFlowBroadcastBlock", "DataFlow.BroadcastBlock\DataFlowBroadcastBlock.csproj", "{DA394A29-4E80-4A23-8539-64BCBEE7EB88}"
EndProject
Global
	GlobalSection(SolutionConfigurationPlatforms) = preSolution
		Debug|Any CPU = Debug|Any CPU
		Release|Any CPU = Release|Any CPU
	EndGlobalSection
	GlobalSection(ProjectConfigurationPlatforms) = postSolution
		{6DA7F9BC-18A7-46E8-9525-D2CE8038D784}.Debug|Any CPU.ActiveCfg = Debug|Any CPU
		{6DA7F9BC-18A7-46E8-9525-D2CE8038D784}.Debug|Any CPU.Build.0 = Debug|Any CPU
		{6DA7F9BC-18A7-46E8-9525-D2CE8038D784}.Release|Any CPU.ActiveCfg = Release|Any CPU
		{6DA7F9BC-18A7-46E8-9525-D2CE8038D784}.Release|Any CPU.Build.0 = Release|Any CPU
		{56D1B128-F59B-49D6-B085-BD7B58CC9BF4}.Debug|Any CPU.ActiveCfg = Debug|Any CPU
		{56D1B128-F59B-49D6-B085-BD7B58CC9BF4}.Debug|Any CPU.Build.0 = Debug|Any CPU
		{56D1B128-F59B-49D6-B085-BD7B58CC9BF4}.Release|Any CPU.ActiveCfg = Release|Any CPU
		{56D1B128-F59B-49D6-B085-BD7B58CC9BF4}.Release|Any CPU.Build.0 = Release|Any CPU
		{ABCE3863-8B9F-4E77-9042-A062D36CF953}.Debug|Any CPU.ActiveCfg = Debug|Any CPU
		{ABCE3863-8B9F-4E77-9042-A062D36CF953}.Debug|Any CPU.Build.0 = Debug|Any CPU
		{ABCE3863-8B9F-4E77-9042-A062D36CF953}.Release|Any CPU.ActiveCfg = Release|Any CPU
		{ABCE3863-8B9F-4E77-9042-A062D36CF953}.Release|Any CPU.Build.0 = Release|Any CPU
		{85A4FED0-8C5C-40B8-8014-11FE657B2BE2}.Debug|Any CPU.ActiveCfg = Debug|Any CPU
		{85A4FED0-8C5C-40B8-8014-11FE657B2BE2}.Debug|Any CPU.Build.0 = Debug|Any CPU
		{85A4FED0-8C5C-40B8-8014-11FE657B2BE2}.Release|Any CPU.ActiveCfg = Release|Any CPU
		{85A4FED0-8C5C-40B8-8014-11FE657B2BE2}.Release|Any CPU.Build.0 = Release|Any CPU
		{92673695-6DDB-4A03-A23A-556909BCACF0}.Debug|Any CPU.ActiveCfg = Debug|Any CPU
		{92673695-6DDB-4A03-A23A-556909BCACF0}.Debug|Any CPU.Build.0 = Debug|Any CPU
		{92673695-6DDB-4A03-A23A-556909BCACF0}.Release|Any CPU.ActiveCfg = Release|Any CPU
		{92673695-6DDB-4A03-A23A-556909BCACF0}.Release|Any CPU.Build.0 = Release|Any CPU
		{838AADBF-75D9-4B02-BAD3-C73F78A31762}.Debug|Any CPU.ActiveCfg = Debug|Any CPU
		{838AADBF-75D9-4B02-BAD3-C73F78A31762}.Debug|Any CPU.Build.0 = Debug|Any CPU
		{838AADBF-75D9-4B02-BAD3-C73F78A31762}.Release|Any CPU.ActiveCfg = Release|Any CPU
		{838AADBF-75D9-4B02-BAD3-C73F78A31762}.Release|Any CPU.Build.0 = Release|Any CPU
		{E6FD62B0-4BFA-4764-BF9E-49ABB30E0DF3}.Debug|Any CPU.ActiveCfg = Debug|Any CPU
		{E6FD62B0-4BFA-4764-BF9E-49ABB30E0DF3}.Debug|Any CPU.Build.0 = Debug|Any CPU
		{E6FD62B0-4BFA-4764-BF9E-49ABB30E0DF3}.Release|Any CPU.ActiveCfg = Release|Any CPU
		{E6FD62B0-4BFA-4764-BF9E-49ABB30E0DF3}.Release|Any CPU.Build.0 = Release|Any CPU
		{02F513C6-4DFA-4DED-932F-016B37B44BB4}.Debug|Any CPU.ActiveCfg = Debug|Any CPU
		{02F513C6-4DFA-4DED-932F-016B37B44BB4}.Debug|Any CPU.Build.0 = Debug|Any CPU
		{02F513C6-4DFA-4DED-932F-016B37B44BB4}.Release|Any CPU.ActiveCfg = Release|Any CPU
		{02F513C6-4DFA-4DED-932F-016B37B44BB4}.Release|Any CPU.Build.0 = Release|Any CPU
		{E39253D2-8A2B-4762-ACB1-453E25E7C32F}.Debug|Any CPU.ActiveCfg = Debug|Any CPU
		{E39253D2-8A2B-4762-ACB1-453E25E7C32F}.Debug|Any CPU.Build.0 = Debug|Any CPU
		{E39253D2-8A2B-4762-ACB1-453E25E7C32F}.Release|Any CPU.ActiveCfg = Release|Any CPU
		{E39253D2-8A2B-4762-ACB1-453E25E7C32F}.Release|Any CPU.Build.0 = Release|Any CPU
		{3D8BD628-FDA0-4156-BB7A-59B6BD49D073}.Debug|Any CPU.ActiveCfg = Debug|Any CPU
		{3D8BD628-FDA0-4156-BB7A-59B6BD49D073}.Debug|Any CPU.Build.0 = Debug|Any CPU
		{3D8BD628-FDA0-4156-BB7A-59B6BD49D073}.Release|Any CPU.ActiveCfg = Release|Any CPU
		{3D8BD628-FDA0-4156-BB7A-59B6BD49D073}.Release|Any CPU.Build.0 = Release|Any CPU
		{978F14C7-19E3-4FF4-8F35-171C4B6280D3}.Debug|Any CPU.ActiveCfg = Debug|Any CPU
		{978F14C7-19E3-4FF4-8F35-171C4B6280D3}.Debug|Any CPU.Build.0 = Debug|Any CPU
		{978F14C7-19E3-4FF4-8F35-171C4B6280D3}.Release|Any CPU.ActiveCfg = Release|Any CPU
		{978F14C7-19E3-4FF4-8F35-171C4B6280D3}.Release|Any CPU.Build.0 = Release|Any CPU
		{9F8B8A5C-B77D-415C-A741-B018297F9C84}.Debug|Any CPU.ActiveCfg = Debug|Any CPU
		{9F8B8A5C-B77D-415C-A741-B018297F9C84}.Debug|Any CPU.Build.0 = Debug|Any CPU
		{9F8B8A5C-B77D-415C-A741-B018297F9C84}.Release|Any CPU.ActiveCfg = Release|Any CPU
		{9F8B8A5C-B77D-415C-A741-B018297F9C84}.Release|Any CPU.Build.0 = Release|Any CPU
		{63050257-872E-4580-B710-B4852306691A}.Debug|Any CPU.ActiveCfg = Debug|Any CPU
		{63050257-872E-4580-B710-B4852306691A}.Debug|Any CPU.Build.0 = Debug|Any CPU
		{63050257-872E-4580-B710-B4852306691A}.Release|Any CPU.ActiveCfg = Release|Any CPU
		{63050257-872E-4580-B710-B4852306691A}.Release|Any CPU.Build.0 = Release|Any CPU
		{5C7E8B84-876E-473B-AD45-D07A98EAF2EE}.Debug|Any CPU.ActiveCfg = Debug|Any CPU
		{5C7E8B84-876E-473B-AD45-D07A98EAF2EE}.Debug|Any CPU.Build.0 = Debug|Any CPU
		{5C7E8B84-876E-473B-AD45-D07A98EAF2EE}.Release|Any CPU.ActiveCfg = Release|Any CPU
		{5C7E8B84-876E-473B-AD45-D07A98EAF2EE}.Release|Any CPU.Build.0 = Release|Any CPU
		{0DA28A73-E1E6-42CA-B040-AAA763E67502}.Debug|Any CPU.ActiveCfg = Debug|Any CPU
		{0DA28A73-E1E6-42CA-B040-AAA763E67502}.Debug|Any CPU.Build.0 = Debug|Any CPU
		{0DA28A73-E1E6-42CA-B040-AAA763E67502}.Release|Any CPU.ActiveCfg = Release|Any CPU
		{0DA28A73-E1E6-42CA-B040-AAA763E67502}.Release|Any CPU.Build.0 = Release|Any CPU
		{A59B8792-A81D-4F87-A87B-A0289D54D78E}.Debug|Any CPU.ActiveCfg = Debug|Any CPU
		{A59B8792-A81D-4F87-A87B-A0289D54D78E}.Debug|Any CPU.Build.0 = Debug|Any CPU
		{A59B8792-A81D-4F87-A87B-A0289D54D78E}.Release|Any CPU.ActiveCfg = Release|Any CPU
		{A59B8792-A81D-4F87-A87B-A0289D54D78E}.Release|Any CPU.Build.0 = Release|Any CPU
		{855DE2B9-C3E9-47CE-AE8A-D0662BD93992}.Debug|Any CPU.ActiveCfg = Debug|Any CPU
		{855DE2B9-C3E9-47CE-AE8A-D0662BD93992}.Debug|Any CPU.Build.0 = Debug|Any CPU
		{855DE2B9-C3E9-47CE-AE8A-D0662BD93992}.Release|Any CPU.ActiveCfg = Release|Any CPU
		{855DE2B9-C3E9-47CE-AE8A-D0662BD93992}.Release|Any CPU.Build.0 = Release|Any CPU
		{EA9DC195-49E5-4E6B-A85D-B99603B0B733}.Debug|Any CPU.ActiveCfg = Debug|Any CPU
		{EA9DC195-49E5-4E6B-A85D-B99603B0B733}.Debug|Any CPU.Build.0 = Debug|Any CPU
		{EA9DC195-49E5-4E6B-A85D-B99603B0B733}.Release|Any CPU.ActiveCfg = Release|Any CPU
		{EA9DC195-49E5-4E6B-A85D-B99603B0B733}.Release|Any CPU.Build.0 = Release|Any CPU
		{9DDAD1B0-1494-492F-B8AC-27689B6A65C2}.Debug|Any CPU.ActiveCfg = Debug|Any CPU
		{9DDAD1B0-1494-492F-B8AC-27689B6A65C2}.Debug|Any CPU.Build.0 = Debug|Any CPU
		{9DDAD1B0-1494-492F-B8AC-27689B6A65C2}.Release|Any CPU.ActiveCfg = Release|Any CPU
		{9DDAD1B0-1494-492F-B8AC-27689B6A65C2}.Release|Any CPU.Build.0 = Release|Any CPU
		{4C3D0C0C-E49B-4D99-8537-859AA19C3272}.Debug|Any CPU.ActiveCfg = Debug|Any CPU
		{4C3D0C0C-E49B-4D99-8537-859AA19C3272}.Debug|Any CPU.Build.0 = Debug|Any CPU
		{4C3D0C0C-E49B-4D99-8537-859AA19C3272}.Release|Any CPU.ActiveCfg = Release|Any CPU
		{4C3D0C0C-E49B-4D99-8537-859AA19C3272}.Release|Any CPU.Build.0 = Release|Any CPU
		{0AAB59E4-0BA4-4F3E-94A7-5EC72D0129F4}.Debug|Any CPU.ActiveCfg = Debug|Any CPU
		{0AAB59E4-0BA4-4F3E-94A7-5EC72D0129F4}.Debug|Any CPU.Build.0 = Debug|Any CPU
		{0AAB59E4-0BA4-4F3E-94A7-5EC72D0129F4}.Release|Any CPU.ActiveCfg = Release|Any CPU
		{0AAB59E4-0BA4-4F3E-94A7-5EC72D0129F4}.Release|Any CPU.Build.0 = Release|Any CPU
		{4B6E7B30-46F9-488D-A1CE-1866D0D14440}.Debug|Any CPU.ActiveCfg = Debug|Any CPU
		{4B6E7B30-46F9-488D-A1CE-1866D0D14440}.Debug|Any CPU.Build.0 = Debug|Any CPU
		{4B6E7B30-46F9-488D-A1CE-1866D0D14440}.Release|Any CPU.ActiveCfg = Release|Any CPU
		{4B6E7B30-46F9-488D-A1CE-1866D0D14440}.Release|Any CPU.Build.0 = Release|Any CPU
		{01835322-CE59-4BE0-B14B-25DD69FD6491}.Debug|Any CPU.ActiveCfg = Debug|Any CPU
		{01835322-CE59-4BE0-B14B-25DD69FD6491}.Debug|Any CPU.Build.0 = Debug|Any CPU
		{01835322-CE59-4BE0-B14B-25DD69FD6491}.Release|Any CPU.ActiveCfg = Release|Any CPU
		{01835322-CE59-4BE0-B14B-25DD69FD6491}.Release|Any CPU.Build.0 = Release|Any CPU
		{78E96A60-F5EB-4B79-9228-2AF9E7CAEC69}.Debug|Any CPU.ActiveCfg = Debug|Any CPU
		{78E96A60-F5EB-4B79-9228-2AF9E7CAEC69}.Debug|Any CPU.Build.0 = Debug|Any CPU
		{78E96A60-F5EB-4B79-9228-2AF9E7CAEC69}.Release|Any CPU.ActiveCfg = Release|Any CPU
		{78E96A60-F5EB-4B79-9228-2AF9E7CAEC69}.Release|Any CPU.Build.0 = Release|Any CPU
		{510C8A72-F828-49EC-A4C4-DACEBF50D066}.Debug|Any CPU.ActiveCfg = Debug|Any CPU
		{510C8A72-F828-49EC-A4C4-DACEBF50D066}.Debug|Any CPU.Build.0 = Debug|Any CPU
		{510C8A72-F828-49EC-A4C4-DACEBF50D066}.Release|Any CPU.ActiveCfg = Release|Any CPU
		{510C8A72-F828-49EC-A4C4-DACEBF50D066}.Release|Any CPU.Build.0 = Release|Any CPU
		{0765F0D2-26BE-4A01-A317-94FC89402DFE}.Debug|Any CPU.ActiveCfg = Debug|Any CPU
		{0765F0D2-26BE-4A01-A317-94FC89402DFE}.Debug|Any CPU.Build.0 = Debug|Any CPU
		{0765F0D2-26BE-4A01-A317-94FC89402DFE}.Release|Any CPU.ActiveCfg = Release|Any CPU
		{0765F0D2-26BE-4A01-A317-94FC89402DFE}.Release|Any CPU.Build.0 = Release|Any CPU
		{28656F6C-8F92-4D93-9C78-AED8833279C8}.Debug|Any CPU.ActiveCfg = Debug|Any CPU
		{28656F6C-8F92-4D93-9C78-AED8833279C8}.Debug|Any CPU.Build.0 = Debug|Any CPU
		{28656F6C-8F92-4D93-9C78-AED8833279C8}.Release|Any CPU.ActiveCfg = Release|Any CPU
		{28656F6C-8F92-4D93-9C78-AED8833279C8}.Release|Any CPU.Build.0 = Release|Any CPU
		{05FA1F39-F22C-42CD-94D3-9DA683194D07}.Debug|Any CPU.ActiveCfg = Debug|Any CPU
		{05FA1F39-F22C-42CD-94D3-9DA683194D07}.Debug|Any CPU.Build.0 = Debug|Any CPU
		{05FA1F39-F22C-42CD-94D3-9DA683194D07}.Release|Any CPU.ActiveCfg = Release|Any CPU
		{05FA1F39-F22C-42CD-94D3-9DA683194D07}.Release|Any CPU.Build.0 = Release|Any CPU
		{6FAD7262-6B8E-4E2D-94E2-362D13B55F55}.Debug|Any CPU.ActiveCfg = Debug|Any CPU
		{6FAD7262-6B8E-4E2D-94E2-362D13B55F55}.Debug|Any CPU.Build.0 = Debug|Any CPU
		{6FAD7262-6B8E-4E2D-94E2-362D13B55F55}.Release|Any CPU.ActiveCfg = Release|Any CPU
		{6FAD7262-6B8E-4E2D-94E2-362D13B55F55}.Release|Any CPU.Build.0 = Release|Any CPU
		{E0B928C3-7135-4DC6-82D5-BFF5DBCB8606}.Debug|Any CPU.ActiveCfg = Debug|Any CPU
		{E0B928C3-7135-4DC6-82D5-BFF5DBCB8606}.Debug|Any CPU.Build.0 = Debug|Any CPU
		{E0B928C3-7135-4DC6-82D5-BFF5DBCB8606}.Release|Any CPU.ActiveCfg = Release|Any CPU
		{E0B928C3-7135-4DC6-82D5-BFF5DBCB8606}.Release|Any CPU.Build.0 = Release|Any CPU
		{9E08CDBA-A82E-4BE4-9FDF-893D952F4F39}.Debug|Any CPU.ActiveCfg = Debug|Any CPU
		{9E08CDBA-A82E-4BE4-9FDF-893D952F4F39}.Debug|Any CPU.Build.0 = Debug|Any CPU
		{9E08CDBA-A82E-4BE4-9FDF-893D952F4F39}.Release|Any CPU.ActiveCfg = Release|Any CPU
		{9E08CDBA-A82E-4BE4-9FDF-893D952F4F39}.Release|Any CPU.Build.0 = Release|Any CPU
		{98133846-14A3-49C2-A7C5-7413D1C6AB9D}.Debug|Any CPU.ActiveCfg = Debug|Any CPU
		{98133846-14A3-49C2-A7C5-7413D1C6AB9D}.Debug|Any CPU.Build.0 = Debug|Any CPU
		{98133846-14A3-49C2-A7C5-7413D1C6AB9D}.Release|Any CPU.ActiveCfg = Release|Any CPU
		{98133846-14A3-49C2-A7C5-7413D1C6AB9D}.Release|Any CPU.Build.0 = Release|Any CPU
		{DCF9AF22-329B-44DF-A6BD-DA95C2441EFD}.Debug|Any CPU.ActiveCfg = Debug|Any CPU
		{DCF9AF22-329B-44DF-A6BD-DA95C2441EFD}.Debug|Any CPU.Build.0 = Debug|Any CPU
		{DCF9AF22-329B-44DF-A6BD-DA95C2441EFD}.Release|Any CPU.ActiveCfg = Release|Any CPU
		{DCF9AF22-329B-44DF-A6BD-DA95C2441EFD}.Release|Any CPU.Build.0 = Release|Any CPU
		{7AEEDE21-5E8F-4E5E-B9C3-FE5FEFC6D1D8}.Debug|Any CPU.ActiveCfg = Debug|Any CPU
		{7AEEDE21-5E8F-4E5E-B9C3-FE5FEFC6D1D8}.Debug|Any CPU.Build.0 = Debug|Any CPU
		{7AEEDE21-5E8F-4E5E-B9C3-FE5FEFC6D1D8}.Release|Any CPU.ActiveCfg = Release|Any CPU
		{7AEEDE21-5E8F-4E5E-B9C3-FE5FEFC6D1D8}.Release|Any CPU.Build.0 = Release|Any CPU
		{3C7F1F3E-8B48-4B88-BA85-B70E74C81583}.Debug|Any CPU.ActiveCfg = Debug|Any CPU
		{3C7F1F3E-8B48-4B88-BA85-B70E74C81583}.Debug|Any CPU.Build.0 = Debug|Any CPU
		{3C7F1F3E-8B48-4B88-BA85-B70E74C81583}.Release|Any CPU.ActiveCfg = Release|Any CPU
		{3C7F1F3E-8B48-4B88-BA85-B70E74C81583}.Release|Any CPU.Build.0 = Release|Any CPU
		{E4115BA3-1CCD-4415-A79D-4615557940DC}.Debug|Any CPU.ActiveCfg = Debug|Any CPU
		{E4115BA3-1CCD-4415-A79D-4615557940DC}.Debug|Any CPU.Build.0 = Debug|Any CPU
		{E4115BA3-1CCD-4415-A79D-4615557940DC}.Release|Any CPU.ActiveCfg = Release|Any CPU
		{E4115BA3-1CCD-4415-A79D-4615557940DC}.Release|Any CPU.Build.0 = Release|Any CPU
		{140F4B3F-601F-4889-8CEA-01EE10761881}.Debug|Any CPU.ActiveCfg = Debug|Any CPU
		{140F4B3F-601F-4889-8CEA-01EE10761881}.Debug|Any CPU.Build.0 = Debug|Any CPU
		{140F4B3F-601F-4889-8CEA-01EE10761881}.Release|Any CPU.ActiveCfg = Release|Any CPU
		{140F4B3F-601F-4889-8CEA-01EE10761881}.Release|Any CPU.Build.0 = Release|Any CPU
		{60723128-2913-4918-9FB6-590F9F63620F}.Debug|Any CPU.ActiveCfg = Debug|Any CPU
		{60723128-2913-4918-9FB6-590F9F63620F}.Debug|Any CPU.Build.0 = Debug|Any CPU
		{60723128-2913-4918-9FB6-590F9F63620F}.Release|Any CPU.ActiveCfg = Release|Any CPU
		{60723128-2913-4918-9FB6-590F9F63620F}.Release|Any CPU.Build.0 = Release|Any CPU
		{11DBC2B3-23C5-432E-AAE0-D9FF41A856F3}.Debug|Any CPU.ActiveCfg = Debug|Any CPU
		{11DBC2B3-23C5-432E-AAE0-D9FF41A856F3}.Debug|Any CPU.Build.0 = Debug|Any CPU
		{11DBC2B3-23C5-432E-AAE0-D9FF41A856F3}.Release|Any CPU.ActiveCfg = Release|Any CPU
		{11DBC2B3-23C5-432E-AAE0-D9FF41A856F3}.Release|Any CPU.Build.0 = Release|Any CPU
		{64CF07F5-D024-4B53-81C7-90045CA32CAA}.Debug|Any CPU.ActiveCfg = Debug|Any CPU
		{64CF07F5-D024-4B53-81C7-90045CA32CAA}.Debug|Any CPU.Build.0 = Debug|Any CPU
		{64CF07F5-D024-4B53-81C7-90045CA32CAA}.Release|Any CPU.ActiveCfg = Release|Any CPU
		{64CF07F5-D024-4B53-81C7-90045CA32CAA}.Release|Any CPU.Build.0 = Release|Any CPU
		{8C8D3992-0921-4BAE-B888-BF96E2C8CBB3}.Debug|Any CPU.ActiveCfg = Debug|Any CPU
		{8C8D3992-0921-4BAE-B888-BF96E2C8CBB3}.Debug|Any CPU.Build.0 = Debug|Any CPU
		{8C8D3992-0921-4BAE-B888-BF96E2C8CBB3}.Release|Any CPU.ActiveCfg = Release|Any CPU
		{8C8D3992-0921-4BAE-B888-BF96E2C8CBB3}.Release|Any CPU.Build.0 = Release|Any CPU
		{ADC8DD9E-3CE3-45D0-AB99-FA13D608196E}.Debug|Any CPU.ActiveCfg = Debug|Any CPU
		{ADC8DD9E-3CE3-45D0-AB99-FA13D608196E}.Debug|Any CPU.Build.0 = Debug|Any CPU
		{ADC8DD9E-3CE3-45D0-AB99-FA13D608196E}.Release|Any CPU.ActiveCfg = Release|Any CPU
		{ADC8DD9E-3CE3-45D0-AB99-FA13D608196E}.Release|Any CPU.Build.0 = Release|Any CPU
		{E603C21F-C377-4977-860D-BE77D245C116}.Debug|Any CPU.ActiveCfg = Debug|Any CPU
		{E603C21F-C377-4977-860D-BE77D245C116}.Debug|Any CPU.Build.0 = Debug|Any CPU
		{E603C21F-C377-4977-860D-BE77D245C116}.Release|Any CPU.ActiveCfg = Release|Any CPU
		{E603C21F-C377-4977-860D-BE77D245C116}.Release|Any CPU.Build.0 = Release|Any CPU
		{E56DF5CD-C5F0-4266-8B4A-7D751E436B80}.Debug|Any CPU.ActiveCfg = Debug|Any CPU
		{E56DF5CD-C5F0-4266-8B4A-7D751E436B80}.Debug|Any CPU.Build.0 = Debug|Any CPU
		{E56DF5CD-C5F0-4266-8B4A-7D751E436B80}.Release|Any CPU.ActiveCfg = Release|Any CPU
		{E56DF5CD-C5F0-4266-8B4A-7D751E436B80}.Release|Any CPU.Build.0 = Release|Any CPU
		{1AE196AD-7B86-4D85-9729-5F8A293EB7AC}.Debug|Any CPU.ActiveCfg = Debug|Any CPU
		{1AE196AD-7B86-4D85-9729-5F8A293EB7AC}.Debug|Any CPU.Build.0 = Debug|Any CPU
		{1AE196AD-7B86-4D85-9729-5F8A293EB7AC}.Release|Any CPU.ActiveCfg = Release|Any CPU
		{1AE196AD-7B86-4D85-9729-5F8A293EB7AC}.Release|Any CPU.Build.0 = Release|Any CPU
		{34C42C14-2B1A-460C-84B0-84CCE56135D0}.Debug|Any CPU.ActiveCfg = Debug|Any CPU
		{34C42C14-2B1A-460C-84B0-84CCE56135D0}.Debug|Any CPU.Build.0 = Debug|Any CPU
		{34C42C14-2B1A-460C-84B0-84CCE56135D0}.Release|Any CPU.ActiveCfg = Release|Any CPU
		{34C42C14-2B1A-460C-84B0-84CCE56135D0}.Release|Any CPU.Build.0 = Release|Any CPU
		{39FD675E-51BD-47AD-909B-180EFFEA2BF6}.Debug|Any CPU.ActiveCfg = Debug|Any CPU
		{39FD675E-51BD-47AD-909B-180EFFEA2BF6}.Debug|Any CPU.Build.0 = Debug|Any CPU
		{39FD675E-51BD-47AD-909B-180EFFEA2BF6}.Release|Any CPU.ActiveCfg = Release|Any CPU
		{39FD675E-51BD-47AD-909B-180EFFEA2BF6}.Release|Any CPU.Build.0 = Release|Any CPU
		{DA394A29-4E80-4A23-8539-64BCBEE7EB88}.Debug|Any CPU.ActiveCfg = Debug|Any CPU
		{DA394A29-4E80-4A23-8539-64BCBEE7EB88}.Debug|Any CPU.Build.0 = Debug|Any CPU
		{DA394A29-4E80-4A23-8539-64BCBEE7EB88}.Release|Any CPU.ActiveCfg = Release|Any CPU
		{DA394A29-4E80-4A23-8539-64BCBEE7EB88}.Release|Any CPU.Build.0 = Release|Any CPU
	EndGlobalSection
	GlobalSection(SolutionProperties) = preSolution
		HideSolutionNode = FALSE
	EndGlobalSection
	GlobalSection(NestedProjects) = preSolution
		{6DA7F9BC-18A7-46E8-9525-D2CE8038D784} = {6BDF7B2C-77B8-4E2C-AB09-096ECBC8D98E}
		{56D1B128-F59B-49D6-B085-BD7B58CC9BF4} = {E6DC51B7-2E29-4774-B6AC-D6EAD257FE4A}
		{ABCE3863-8B9F-4E77-9042-A062D36CF953} = {2AC09B6B-C000-47B6-9CB5-229E392B4035}
		{85A4FED0-8C5C-40B8-8014-11FE657B2BE2} = {5C1136BA-5430-405C-85D7-11554E9ABF75}
		{92673695-6DDB-4A03-A23A-556909BCACF0} = {2AC09B6B-C000-47B6-9CB5-229E392B4035}
		{838AADBF-75D9-4B02-BAD3-C73F78A31762} = {9B8AD949-B3E7-4EFC-BC09-367D4B2DD396}
		{61ECA588-DE9A-4083-8A38-A6A6FE4E3DED} = {6BDF7B2C-77B8-4E2C-AB09-096ECBC8D98E}
		{E6FD62B0-4BFA-4764-BF9E-49ABB30E0DF3} = {61ECA588-DE9A-4083-8A38-A6A6FE4E3DED}
		{02F513C6-4DFA-4DED-932F-016B37B44BB4} = {61ECA588-DE9A-4083-8A38-A6A6FE4E3DED}
		{E6DC51B7-2E29-4774-B6AC-D6EAD257FE4A} = {1773CC4B-59D6-4372-B7DE-F296E3949C3E}
		{E39253D2-8A2B-4762-ACB1-453E25E7C32F} = {E6DC51B7-2E29-4774-B6AC-D6EAD257FE4A}
		{3D8BD628-FDA0-4156-BB7A-59B6BD49D073} = {406A9963-A3BE-48A9-A0B0-DA4FCFC26AD3}
		{406A9963-A3BE-48A9-A0B0-DA4FCFC26AD3} = {C8E59609-E92F-44A1-8714-9B18730F206D}
		{978F14C7-19E3-4FF4-8F35-171C4B6280D3} = {406A9963-A3BE-48A9-A0B0-DA4FCFC26AD3}
		{FCF53423-28BF-4C68-8DA8-9BFE46BF6BFC} = {C8E59609-E92F-44A1-8714-9B18730F206D}
		{9F8B8A5C-B77D-415C-A741-B018297F9C84} = {FCF53423-28BF-4C68-8DA8-9BFE46BF6BFC}
		{63050257-872E-4580-B710-B4852306691A} = {FCF53423-28BF-4C68-8DA8-9BFE46BF6BFC}
		{9B8AD949-B3E7-4EFC-BC09-367D4B2DD396} = {5C1136BA-5430-405C-85D7-11554E9ABF75}
		{5C7E8B84-876E-473B-AD45-D07A98EAF2EE} = {9B8AD949-B3E7-4EFC-BC09-367D4B2DD396}
		{0DA28A73-E1E6-42CA-B040-AAA763E67502} = {5C1136BA-5430-405C-85D7-11554E9ABF75}
		{32B5D6AA-AA4E-48D2-B598-4391FB738E38} = {5C1136BA-5430-405C-85D7-11554E9ABF75}
		{A59B8792-A81D-4F87-A87B-A0289D54D78E} = {32B5D6AA-AA4E-48D2-B598-4391FB738E38}
		{384D4634-91EB-4FD2-AED1-422346CDBE70} = {C8E59609-E92F-44A1-8714-9B18730F206D}
		{855DE2B9-C3E9-47CE-AE8A-D0662BD93992} = {384D4634-91EB-4FD2-AED1-422346CDBE70}
		{2AC09B6B-C000-47B6-9CB5-229E392B4035} = {C8E59609-E92F-44A1-8714-9B18730F206D}
		{7C55D276-74F6-4D8C-A52B-2A2FCB0E33E1} = {2AC09B6B-C000-47B6-9CB5-229E392B4035}
		{EA9DC195-49E5-4E6B-A85D-B99603B0B733} = {7C55D276-74F6-4D8C-A52B-2A2FCB0E33E1}
		{C26EBC71-44B3-44B3-B5E2-C052F3D96BFB} = {5C1136BA-5430-405C-85D7-11554E9ABF75}
		{9DDAD1B0-1494-492F-B8AC-27689B6A65C2} = {C26EBC71-44B3-44B3-B5E2-C052F3D96BFB}
		{E2B0D729-EE26-4595-8149-85DA96C7627E} = {5C1136BA-5430-405C-85D7-11554E9ABF75}
		{4C3D0C0C-E49B-4D99-8537-859AA19C3272} = {E2B0D729-EE26-4595-8149-85DA96C7627E}
		{0AAB59E4-0BA4-4F3E-94A7-5EC72D0129F4} = {5C1136BA-5430-405C-85D7-11554E9ABF75}
		{4B6E7B30-46F9-488D-A1CE-1866D0D14440} = {2AC09B6B-C000-47B6-9CB5-229E392B4035}
		{01835322-CE59-4BE0-B14B-25DD69FD6491} = {7C55D276-74F6-4D8C-A52B-2A2FCB0E33E1}
		{78E96A60-F5EB-4B79-9228-2AF9E7CAEC69} = {406A9963-A3BE-48A9-A0B0-DA4FCFC26AD3}
		{B0806895-95A7-4CAE-85D1-F2B3D30F7BD3} = {406A9963-A3BE-48A9-A0B0-DA4FCFC26AD3}
		{510C8A72-F828-49EC-A4C4-DACEBF50D066} = {B0806895-95A7-4CAE-85D1-F2B3D30F7BD3}
		{0765F0D2-26BE-4A01-A317-94FC89402DFE} = {007E7978-DF25-4977-85A8-5054F9765AD0}
		{28656F6C-8F92-4D93-9C78-AED8833279C8} = {007E7978-DF25-4977-85A8-5054F9765AD0}
		{05FA1F39-F22C-42CD-94D3-9DA683194D07} = {007E7978-DF25-4977-85A8-5054F9765AD0}
		{007E7978-DF25-4977-85A8-5054F9765AD0} = {B0806895-95A7-4CAE-85D1-F2B3D30F7BD3}
		{488CA69F-1163-4D36-8DBC-CBE45464F1C7} = {B0806895-95A7-4CAE-85D1-F2B3D30F7BD3}
		{6FAD7262-6B8E-4E2D-94E2-362D13B55F55} = {488CA69F-1163-4D36-8DBC-CBE45464F1C7}
		{E0B928C3-7135-4DC6-82D5-BFF5DBCB8606} = {406A9963-A3BE-48A9-A0B0-DA4FCFC26AD3}
		{1C3FC0F6-5EB7-49F3-ABB0-92A1B85D1E9C} = {1773CC4B-59D6-4372-B7DE-F296E3949C3E}
		{9E08CDBA-A82E-4BE4-9FDF-893D952F4F39} = {1C3FC0F6-5EB7-49F3-ABB0-92A1B85D1E9C}
		{98133846-14A3-49C2-A7C5-7413D1C6AB9D} = {2AC09B6B-C000-47B6-9CB5-229E392B4035}
		{DCF9AF22-329B-44DF-A6BD-DA95C2441EFD} = {92F46352-E72D-40B2-BD1B-00B027837C2C}
		{7AEEDE21-5E8F-4E5E-B9C3-FE5FEFC6D1D8} = {92F46352-E72D-40B2-BD1B-00B027837C2C}
		{3C7F1F3E-8B48-4B88-BA85-B70E74C81583} = {92F46352-E72D-40B2-BD1B-00B027837C2C}
		{8BB4DFA6-DD7D-4BA1-A122-7911660B12B0} = {C26EBC71-44B3-44B3-B5E2-C052F3D96BFB}
		{E4115BA3-1CCD-4415-A79D-4615557940DC} = {8BB4DFA6-DD7D-4BA1-A122-7911660B12B0}
		{140F4B3F-601F-4889-8CEA-01EE10761881} = {8BB4DFA6-DD7D-4BA1-A122-7911660B12B0}
		{60723128-2913-4918-9FB6-590F9F63620F} = {E8BA03BD-D0B4-4179-BB81-AA4A3269F759}
		{11DBC2B3-23C5-432E-AAE0-D9FF41A856F3} = {E8BA03BD-D0B4-4179-BB81-AA4A3269F759}
		{64CF07F5-D024-4B53-81C7-90045CA32CAA} = {E8BA03BD-D0B4-4179-BB81-AA4A3269F759}
		{8C8D3992-0921-4BAE-B888-BF96E2C8CBB3} = {E8BA03BD-D0B4-4179-BB81-AA4A3269F759}
		{ADC8DD9E-3CE3-45D0-AB99-FA13D608196E} = {E8BA03BD-D0B4-4179-BB81-AA4A3269F759}
		{E603C21F-C377-4977-860D-BE77D245C116} = {788E56BC-71B6-48A8-B277-5E4BC1ED6549}
		{AB9E6729-63C2-47C8-8974-F8A5742A593D} = {5C1136BA-5430-405C-85D7-11554E9ABF75}
		{E56DF5CD-C5F0-4266-8B4A-7D751E436B80} = {AB9E6729-63C2-47C8-8974-F8A5742A593D}
		{1AE196AD-7B86-4D85-9729-5F8A293EB7AC} = {AB9E6729-63C2-47C8-8974-F8A5742A593D}
		{34C42C14-2B1A-460C-84B0-84CCE56135D0} = {AB9E6729-63C2-47C8-8974-F8A5742A593D}
		{39FD675E-51BD-47AD-909B-180EFFEA2BF6} = {5C1136BA-5430-405C-85D7-11554E9ABF75}
		{DA394A29-4E80-4A23-8539-64BCBEE7EB88} = {AB9E6729-63C2-47C8-8974-F8A5742A593D}
	EndGlobalSection
	GlobalSection(ExtensibilityGlobals) = postSolution
		SolutionGuid = {4E177E46-7F5F-4FAB-90AE-2875B2208342}
	EndGlobalSection
EndGlobal
