
Microsoft Visual Studio Solution File, Format Version 12.00
# Visual Studio 14
VisualStudioVersion = 14.0.25420.1
MinimumVisualStudioVersion = 10.0.40219.1
Project("{FAE04EC0-301F-11D3-BF4B-00C04F79EFBC}") = "AbstractFactory", "AbstractFactory\AbstractFactory.csproj", "{6DA7F9BC-18A7-46E8-9525-D2CE8038D784}"
EndProject
Project("{2150E333-8FDC-42A3-9474-1A3956D46DE8}") = "CreateionalPatterns", "CreateionalPatterns", "{6BDF7B2C-77B8-4E2C-AB09-096ECBC8D98E}"
EndProject
Project("{2150E333-8FDC-42A3-9474-1A3956D46DE8}") = "SturcturalPatterns", "SturcturalPatterns", "{1773CC4B-59D6-4372-B7DE-F296E3949C3E}"
EndProject
Project("{FAE04EC0-301F-11D3-BF4B-00C04F79EFBC}") = "Decorator", "Decorator\Decorator.csproj", "{56D1B128-F59B-49D6-B085-BD7B58CC9BF4}"
EndProject
Project("{2150E333-8FDC-42A3-9474-1A3956D46DE8}") = "BehavioralPatterns", "BehavioralPatterns", "{C8E59609-E92F-44A1-8714-9B18730F206D}"
EndProject
Project("{FAE04EC0-301F-11D3-BF4B-00C04F79EFBC}") = "VisistorWithReflection", "Visistor\VisistorWithReflection.csproj", "{ABCE3863-8B9F-4E77-9042-A062D36CF953}"
EndProject
Project("{2150E333-8FDC-42A3-9474-1A3956D46DE8}") = "Others", "Others", "{5C1136BA-5430-405C-85D7-11554E9ABF75}"
EndProject
Project("{FAE04EC0-301F-11D3-BF4B-00C04F79EFBC}") = "TestHelper", "TestHelper\TestHelper.csproj", "{85A4FED0-8C5C-40B8-8014-11FE657B2BE2}"
EndProject
Project("{FAE04EC0-301F-11D3-BF4B-00C04F79EFBC}") = "VisistorWithDynamic", "VisistorWithOverloadMethods\VisistorWithDynamic.csproj", "{92673695-6DDB-4A03-A23A-556909BCACF0}"
EndProject
Project("{FAE04EC0-301F-11D3-BF4B-00C04F79EFBC}") = "Varation", "Invaration\Varation.csproj", "{838AADBF-75D9-4B02-BAD3-C73F78A31762}"
EndProject
Project("{2150E333-8FDC-42A3-9474-1A3956D46DE8}") = "Builder", "Builder", "{61ECA588-DE9A-4083-8A38-A6A6FE4E3DED}"
EndProject
Project("{FAE04EC0-301F-11D3-BF4B-00C04F79EFBC}") = "SimpleBuilder", "SimpleBuilder\SimpleBuilder.csproj", "{E6FD62B0-4BFA-4764-BF9E-49ABB30E0DF3}"
EndProject
Project("{FAE04EC0-301F-11D3-BF4B-00C04F79EFBC}") = "FluentBuilder", "FluentBuilder\FluentBuilder.csproj", "{02F513C6-4DFA-4DED-932F-016B37B44BB4}"
EndProject
Project("{2150E333-8FDC-42A3-9474-1A3956D46DE8}") = "Decorators", "Decorators", "{E6DC51B7-2E29-4774-B6AC-D6EAD257FE4A}"
EndProject
Project("{FAE04EC0-301F-11D3-BF4B-00C04F79EFBC}") = "DecoratorSimple", "DecoratorSimple\DecoratorSimple.csproj", "{E39253D2-8A2B-4762-ACB1-453E25E7C32F}"
EndProject
Project("{FAE04EC0-301F-11D3-BF4B-00C04F79EFBC}") = "StateStructural", "StateStructural\StateStructural.csproj", "{3D8BD628-FDA0-4156-BB7A-59B6BD49D073}"
EndProject
Project("{2150E333-8FDC-42A3-9474-1A3956D46DE8}") = "State", "State", "{406A9963-A3BE-48A9-A0B0-DA4FCFC26AD3}"
EndProject
Project("{FAE04EC0-301F-11D3-BF4B-00C04F79EFBC}") = "GenericState", "GenericState\GenericState.csproj", "{978F14C7-19E3-4FF4-8F35-171C4B6280D3}"
EndProject
Project("{2150E333-8FDC-42A3-9474-1A3956D46DE8}") = "Interpreter", "Interpreter", "{FCF53423-28BF-4C68-8DA8-9BFE46BF6BFC}"
EndProject
Project("{FAE04EC0-301F-11D3-BF4B-00C04F79EFBC}") = "InterpreterSimple", "InterpreterSimple\InterpreterSimple.csproj", "{9F8B8A5C-B77D-415C-A741-B018297F9C84}"
EndProject
Project("{FAE04EC0-301F-11D3-BF4B-00C04F79EFBC}") = "InterpreterExpression", "InterpreterExpression\InterpreterExpression.csproj", "{63050257-872E-4580-B710-B4852306691A}"
EndProject
Project("{2150E333-8FDC-42A3-9474-1A3956D46DE8}") = "Variations", "Variations", "{9B8AD949-B3E7-4EFC-BC09-367D4B2DD396}"
EndProject
Project("{FAE04EC0-301F-11D3-BF4B-00C04F79EFBC}") = "VariationDelegate", "InvariationDelegate\VariationDelegate.csproj", "{5C7E8B84-876E-473B-AD45-D07A98EAF2EE}"
EndProject
Project("{FAE04EC0-301F-11D3-BF4B-00C04F79EFBC}") = "Variance", "Invariance\Variance.csproj", "{0DA28A73-E1E6-42CA-B040-AAA763E67502}"
EndProject
Project("{2150E333-8FDC-42A3-9474-1A3956D46DE8}") = "PLINQ", "PLINQ", "{32B5D6AA-AA4E-48D2-B598-4391FB738E38}"
EndProject
Project("{FAE04EC0-301F-11D3-BF4B-00C04F79EFBC}") = "CommonTests", "CommonTests\CommonTests.csproj", "{A59B8792-A81D-4F87-A87B-A0289D54D78E}"
EndProject
Project("{2150E333-8FDC-42A3-9474-1A3956D46DE8}") = "Observer", "Observer", "{384D4634-91EB-4FD2-AED1-422346CDBE70}"
EndProject
Project("{FAE04EC0-301F-11D3-BF4B-00C04F79EFBC}") = "Structural", "Observer\Structural\Structural.csproj", "{855DE2B9-C3E9-47CE-AE8A-D0662BD93992}"
EndProject
Project("{2150E333-8FDC-42A3-9474-1A3956D46DE8}") = "Visitor", "Visitor", "{2AC09B6B-C000-47B6-9CB5-229E392B4035}"
	ProjectSection(SolutionItems) = preProject
		Page.html = Page.html
		Visitor.js = Visitor.js
	EndProjectSection
EndProject
Project("{2150E333-8FDC-42A3-9474-1A3956D46DE8}") = "Dispatcher", "Dispatcher", "{7C55D276-74F6-4D8C-A52B-2A2FCB0E33E1}"
EndProject
Project("{FAE04EC0-301F-11D3-BF4B-00C04F79EFBC}") = "MultipleDispatch", "MultipleDispatch\MultipleDispatch.csproj", "{EA9DC195-49E5-4E6B-A85D-B99603B0B733}"
EndProject
Project("{FAE04EC0-301F-11D3-BF4B-00C04F79EFBC}") = "MultipleDispatchConsole", "MultipleDispatchConsole\MultipleDispatchConsole.csproj", "{C5C54C97-F31C-4380-8B71-05332A32E849}"
EndProject
Project("{2150E333-8FDC-42A3-9474-1A3956D46DE8}") = "OOP", "OOP", "{C26EBC71-44B3-44B3-B5E2-C052F3D96BFB}"
EndProject
Project("{FAE04EC0-301F-11D3-BF4B-00C04F79EFBC}") = "Polimorfizm", "Polimorfizm\Polimorfizm.csproj", "{9DDAD1B0-1494-492F-B8AC-27689B6A65C2}"
EndProject
Global
	GlobalSection(SolutionConfigurationPlatforms) = preSolution
		Debug|Any CPU = Debug|Any CPU
		Release|Any CPU = Release|Any CPU
	EndGlobalSection
	GlobalSection(ProjectConfigurationPlatforms) = postSolution
		{6DA7F9BC-18A7-46E8-9525-D2CE8038D784}.Debug|Any CPU.ActiveCfg = Debug|Any CPU
		{6DA7F9BC-18A7-46E8-9525-D2CE8038D784}.Debug|Any CPU.Build.0 = Debug|Any CPU
		{6DA7F9BC-18A7-46E8-9525-D2CE8038D784}.Release|Any CPU.ActiveCfg = Release|Any CPU
		{6DA7F9BC-18A7-46E8-9525-D2CE8038D784}.Release|Any CPU.Build.0 = Release|Any CPU
		{56D1B128-F59B-49D6-B085-BD7B58CC9BF4}.Debug|Any CPU.ActiveCfg = Debug|Any CPU
		{56D1B128-F59B-49D6-B085-BD7B58CC9BF4}.Debug|Any CPU.Build.0 = Debug|Any CPU
		{56D1B128-F59B-49D6-B085-BD7B58CC9BF4}.Release|Any CPU.ActiveCfg = Release|Any CPU
		{56D1B128-F59B-49D6-B085-BD7B58CC9BF4}.Release|Any CPU.Build.0 = Release|Any CPU
		{ABCE3863-8B9F-4E77-9042-A062D36CF953}.Debug|Any CPU.ActiveCfg = Debug|Any CPU
		{ABCE3863-8B9F-4E77-9042-A062D36CF953}.Debug|Any CPU.Build.0 = Debug|Any CPU
		{ABCE3863-8B9F-4E77-9042-A062D36CF953}.Release|Any CPU.ActiveCfg = Release|Any CPU
		{ABCE3863-8B9F-4E77-9042-A062D36CF953}.Release|Any CPU.Build.0 = Release|Any CPU
		{85A4FED0-8C5C-40B8-8014-11FE657B2BE2}.Debug|Any CPU.ActiveCfg = Debug|Any CPU
		{85A4FED0-8C5C-40B8-8014-11FE657B2BE2}.Debug|Any CPU.Build.0 = Debug|Any CPU
		{85A4FED0-8C5C-40B8-8014-11FE657B2BE2}.Release|Any CPU.ActiveCfg = Release|Any CPU
		{85A4FED0-8C5C-40B8-8014-11FE657B2BE2}.Release|Any CPU.Build.0 = Release|Any CPU
		{92673695-6DDB-4A03-A23A-556909BCACF0}.Debug|Any CPU.ActiveCfg = Debug|Any CPU
		{92673695-6DDB-4A03-A23A-556909BCACF0}.Debug|Any CPU.Build.0 = Debug|Any CPU
		{92673695-6DDB-4A03-A23A-556909BCACF0}.Release|Any CPU.ActiveCfg = Release|Any CPU
		{92673695-6DDB-4A03-A23A-556909BCACF0}.Release|Any CPU.Build.0 = Release|Any CPU
		{838AADBF-75D9-4B02-BAD3-C73F78A31762}.Debug|Any CPU.ActiveCfg = Debug|Any CPU
		{838AADBF-75D9-4B02-BAD3-C73F78A31762}.Debug|Any CPU.Build.0 = Debug|Any CPU
		{838AADBF-75D9-4B02-BAD3-C73F78A31762}.Release|Any CPU.ActiveCfg = Release|Any CPU
		{838AADBF-75D9-4B02-BAD3-C73F78A31762}.Release|Any CPU.Build.0 = Release|Any CPU
		{E6FD62B0-4BFA-4764-BF9E-49ABB30E0DF3}.Debug|Any CPU.ActiveCfg = Debug|Any CPU
		{E6FD62B0-4BFA-4764-BF9E-49ABB30E0DF3}.Debug|Any CPU.Build.0 = Debug|Any CPU
		{E6FD62B0-4BFA-4764-BF9E-49ABB30E0DF3}.Release|Any CPU.ActiveCfg = Release|Any CPU
		{E6FD62B0-4BFA-4764-BF9E-49ABB30E0DF3}.Release|Any CPU.Build.0 = Release|Any CPU
		{02F513C6-4DFA-4DED-932F-016B37B44BB4}.Debug|Any CPU.ActiveCfg = Debug|Any CPU
		{02F513C6-4DFA-4DED-932F-016B37B44BB4}.Debug|Any CPU.Build.0 = Debug|Any CPU
		{02F513C6-4DFA-4DED-932F-016B37B44BB4}.Release|Any CPU.ActiveCfg = Release|Any CPU
		{02F513C6-4DFA-4DED-932F-016B37B44BB4}.Release|Any CPU.Build.0 = Release|Any CPU
		{E39253D2-8A2B-4762-ACB1-453E25E7C32F}.Debug|Any CPU.ActiveCfg = Debug|Any CPU
		{E39253D2-8A2B-4762-ACB1-453E25E7C32F}.Debug|Any CPU.Build.0 = Debug|Any CPU
		{E39253D2-8A2B-4762-ACB1-453E25E7C32F}.Release|Any CPU.ActiveCfg = Release|Any CPU
		{E39253D2-8A2B-4762-ACB1-453E25E7C32F}.Release|Any CPU.Build.0 = Release|Any CPU
		{3D8BD628-FDA0-4156-BB7A-59B6BD49D073}.Debug|Any CPU.ActiveCfg = Debug|Any CPU
		{3D8BD628-FDA0-4156-BB7A-59B6BD49D073}.Debug|Any CPU.Build.0 = Debug|Any CPU
		{3D8BD628-FDA0-4156-BB7A-59B6BD49D073}.Release|Any CPU.ActiveCfg = Release|Any CPU
		{3D8BD628-FDA0-4156-BB7A-59B6BD49D073}.Release|Any CPU.Build.0 = Release|Any CPU
		{978F14C7-19E3-4FF4-8F35-171C4B6280D3}.Debug|Any CPU.ActiveCfg = Debug|Any CPU
		{978F14C7-19E3-4FF4-8F35-171C4B6280D3}.Debug|Any CPU.Build.0 = Debug|Any CPU
		{978F14C7-19E3-4FF4-8F35-171C4B6280D3}.Release|Any CPU.ActiveCfg = Release|Any CPU
		{978F14C7-19E3-4FF4-8F35-171C4B6280D3}.Release|Any CPU.Build.0 = Release|Any CPU
		{9F8B8A5C-B77D-415C-A741-B018297F9C84}.Debug|Any CPU.ActiveCfg = Debug|Any CPU
		{9F8B8A5C-B77D-415C-A741-B018297F9C84}.Debug|Any CPU.Build.0 = Debug|Any CPU
		{9F8B8A5C-B77D-415C-A741-B018297F9C84}.Release|Any CPU.ActiveCfg = Release|Any CPU
		{9F8B8A5C-B77D-415C-A741-B018297F9C84}.Release|Any CPU.Build.0 = Release|Any CPU
		{63050257-872E-4580-B710-B4852306691A}.Debug|Any CPU.ActiveCfg = Debug|Any CPU
		{63050257-872E-4580-B710-B4852306691A}.Debug|Any CPU.Build.0 = Debug|Any CPU
		{63050257-872E-4580-B710-B4852306691A}.Release|Any CPU.ActiveCfg = Release|Any CPU
		{63050257-872E-4580-B710-B4852306691A}.Release|Any CPU.Build.0 = Release|Any CPU
		{5C7E8B84-876E-473B-AD45-D07A98EAF2EE}.Debug|Any CPU.ActiveCfg = Debug|Any CPU
		{5C7E8B84-876E-473B-AD45-D07A98EAF2EE}.Debug|Any CPU.Build.0 = Debug|Any CPU
		{5C7E8B84-876E-473B-AD45-D07A98EAF2EE}.Release|Any CPU.ActiveCfg = Release|Any CPU
		{5C7E8B84-876E-473B-AD45-D07A98EAF2EE}.Release|Any CPU.Build.0 = Release|Any CPU
		{0DA28A73-E1E6-42CA-B040-AAA763E67502}.Debug|Any CPU.ActiveCfg = Debug|Any CPU
		{0DA28A73-E1E6-42CA-B040-AAA763E67502}.Debug|Any CPU.Build.0 = Debug|Any CPU
		{0DA28A73-E1E6-42CA-B040-AAA763E67502}.Release|Any CPU.ActiveCfg = Release|Any CPU
		{0DA28A73-E1E6-42CA-B040-AAA763E67502}.Release|Any CPU.Build.0 = Release|Any CPU
		{A59B8792-A81D-4F87-A87B-A0289D54D78E}.Debug|Any CPU.ActiveCfg = Debug|Any CPU
		{A59B8792-A81D-4F87-A87B-A0289D54D78E}.Debug|Any CPU.Build.0 = Debug|Any CPU
		{A59B8792-A81D-4F87-A87B-A0289D54D78E}.Release|Any CPU.ActiveCfg = Release|Any CPU
		{A59B8792-A81D-4F87-A87B-A0289D54D78E}.Release|Any CPU.Build.0 = Release|Any CPU
		{855DE2B9-C3E9-47CE-AE8A-D0662BD93992}.Debug|Any CPU.ActiveCfg = Debug|Any CPU
		{855DE2B9-C3E9-47CE-AE8A-D0662BD93992}.Debug|Any CPU.Build.0 = Debug|Any CPU
		{855DE2B9-C3E9-47CE-AE8A-D0662BD93992}.Release|Any CPU.ActiveCfg = Release|Any CPU
		{855DE2B9-C3E9-47CE-AE8A-D0662BD93992}.Release|Any CPU.Build.0 = Release|Any CPU
		{EA9DC195-49E5-4E6B-A85D-B99603B0B733}.Debug|Any CPU.ActiveCfg = Debug|Any CPU
		{EA9DC195-49E5-4E6B-A85D-B99603B0B733}.Debug|Any CPU.Build.0 = Debug|Any CPU
		{EA9DC195-49E5-4E6B-A85D-B99603B0B733}.Release|Any CPU.ActiveCfg = Release|Any CPU
		{EA9DC195-49E5-4E6B-A85D-B99603B0B733}.Release|Any CPU.Build.0 = Release|Any CPU
		{C5C54C97-F31C-4380-8B71-05332A32E849}.Debug|Any CPU.ActiveCfg = Debug|Any CPU
		{C5C54C97-F31C-4380-8B71-05332A32E849}.Debug|Any CPU.Build.0 = Debug|Any CPU
		{C5C54C97-F31C-4380-8B71-05332A32E849}.Release|Any CPU.ActiveCfg = Release|Any CPU
		{C5C54C97-F31C-4380-8B71-05332A32E849}.Release|Any CPU.Build.0 = Release|Any CPU
		{9DDAD1B0-1494-492F-B8AC-27689B6A65C2}.Debug|Any CPU.ActiveCfg = Debug|Any CPU
		{9DDAD1B0-1494-492F-B8AC-27689B6A65C2}.Debug|Any CPU.Build.0 = Debug|Any CPU
		{9DDAD1B0-1494-492F-B8AC-27689B6A65C2}.Release|Any CPU.ActiveCfg = Release|Any CPU
		{9DDAD1B0-1494-492F-B8AC-27689B6A65C2}.Release|Any CPU.Build.0 = Release|Any CPU
	EndGlobalSection
	GlobalSection(SolutionProperties) = preSolution
		HideSolutionNode = FALSE
	EndGlobalSection
	GlobalSection(NestedProjects) = preSolution
		{6DA7F9BC-18A7-46E8-9525-D2CE8038D784} = {6BDF7B2C-77B8-4E2C-AB09-096ECBC8D98E}
		{56D1B128-F59B-49D6-B085-BD7B58CC9BF4} = {E6DC51B7-2E29-4774-B6AC-D6EAD257FE4A}
		{ABCE3863-8B9F-4E77-9042-A062D36CF953} = {2AC09B6B-C000-47B6-9CB5-229E392B4035}
		{85A4FED0-8C5C-40B8-8014-11FE657B2BE2} = {5C1136BA-5430-405C-85D7-11554E9ABF75}
		{92673695-6DDB-4A03-A23A-556909BCACF0} = {2AC09B6B-C000-47B6-9CB5-229E392B4035}
		{838AADBF-75D9-4B02-BAD3-C73F78A31762} = {9B8AD949-B3E7-4EFC-BC09-367D4B2DD396}
		{61ECA588-DE9A-4083-8A38-A6A6FE4E3DED} = {6BDF7B2C-77B8-4E2C-AB09-096ECBC8D98E}
		{E6FD62B0-4BFA-4764-BF9E-49ABB30E0DF3} = {61ECA588-DE9A-4083-8A38-A6A6FE4E3DED}
		{02F513C6-4DFA-4DED-932F-016B37B44BB4} = {61ECA588-DE9A-4083-8A38-A6A6FE4E3DED}
		{E6DC51B7-2E29-4774-B6AC-D6EAD257FE4A} = {1773CC4B-59D6-4372-B7DE-F296E3949C3E}
		{E39253D2-8A2B-4762-ACB1-453E25E7C32F} = {E6DC51B7-2E29-4774-B6AC-D6EAD257FE4A}
		{3D8BD628-FDA0-4156-BB7A-59B6BD49D073} = {406A9963-A3BE-48A9-A0B0-DA4FCFC26AD3}
		{406A9963-A3BE-48A9-A0B0-DA4FCFC26AD3} = {C8E59609-E92F-44A1-8714-9B18730F206D}
		{978F14C7-19E3-4FF4-8F35-171C4B6280D3} = {406A9963-A3BE-48A9-A0B0-DA4FCFC26AD3}
		{FCF53423-28BF-4C68-8DA8-9BFE46BF6BFC} = {C8E59609-E92F-44A1-8714-9B18730F206D}
		{9F8B8A5C-B77D-415C-A741-B018297F9C84} = {FCF53423-28BF-4C68-8DA8-9BFE46BF6BFC}
		{63050257-872E-4580-B710-B4852306691A} = {FCF53423-28BF-4C68-8DA8-9BFE46BF6BFC}
		{9B8AD949-B3E7-4EFC-BC09-367D4B2DD396} = {5C1136BA-5430-405C-85D7-11554E9ABF75}
		{5C7E8B84-876E-473B-AD45-D07A98EAF2EE} = {9B8AD949-B3E7-4EFC-BC09-367D4B2DD396}
		{0DA28A73-E1E6-42CA-B040-AAA763E67502} = {5C1136BA-5430-405C-85D7-11554E9ABF75}
		{32B5D6AA-AA4E-48D2-B598-4391FB738E38} = {5C1136BA-5430-405C-85D7-11554E9ABF75}
		{A59B8792-A81D-4F87-A87B-A0289D54D78E} = {32B5D6AA-AA4E-48D2-B598-4391FB738E38}
		{384D4634-91EB-4FD2-AED1-422346CDBE70} = {C8E59609-E92F-44A1-8714-9B18730F206D}
		{855DE2B9-C3E9-47CE-AE8A-D0662BD93992} = {384D4634-91EB-4FD2-AED1-422346CDBE70}
		{2AC09B6B-C000-47B6-9CB5-229E392B4035} = {C8E59609-E92F-44A1-8714-9B18730F206D}
		{7C55D276-74F6-4D8C-A52B-2A2FCB0E33E1} = {2AC09B6B-C000-47B6-9CB5-229E392B4035}
		{EA9DC195-49E5-4E6B-A85D-B99603B0B733} = {7C55D276-74F6-4D8C-A52B-2A2FCB0E33E1}
		{C5C54C97-F31C-4380-8B71-05332A32E849} = {7C55D276-74F6-4D8C-A52B-2A2FCB0E33E1}
		{C26EBC71-44B3-44B3-B5E2-C052F3D96BFB} = {5C1136BA-5430-405C-85D7-11554E9ABF75}
		{9DDAD1B0-1494-492F-B8AC-27689B6A65C2} = {C26EBC71-44B3-44B3-B5E2-C052F3D96BFB}
	EndGlobalSection
EndGlobal
